// !$*UTF8*$!
{
	archiveVersion = 1;
	classes = {
	};
	objectVersion = 56;
	objects = {

/* Begin PBXBuildFile section */
		B417ADA829CC974800345CF7 /* KmmPlaygroundApp.swift in Sources */ = {isa = PBXBuildFile; fileRef = B417ADA729CC974800345CF7 /* KmmPlaygroundApp.swift */; };
		B417ADAA29CC974800345CF7 /* ContentView.swift in Sources */ = {isa = PBXBuildFile; fileRef = B417ADA929CC974800345CF7 /* ContentView.swift */; };
		B417ADAC29CC974900345CF7 /* Assets.xcassets in Resources */ = {isa = PBXBuildFile; fileRef = B417ADAB29CC974900345CF7 /* Assets.xcassets */; };
		B417ADAF29CC974900345CF7 /* Preview Assets.xcassets in Resources */ = {isa = PBXBuildFile; fileRef = B417ADAE29CC974900345CF7 /* Preview Assets.xcassets */; };
		B41BA36929CCA49F007A7157 /* LibraryKit in Frameworks */ = {isa = PBXBuildFile; productRef = B41BA36829CCA49F007A7157 /* LibraryKit */; };
		B4839B8C29D2043D008DB672 /* kmmWatchApp.swift in Sources */ = {isa = PBXBuildFile; fileRef = B4839B8B29D2043D008DB672 /* kmmWatchApp.swift */; };
		B4839B8E29D2043D008DB672 /* ContentView.swift in Sources */ = {isa = PBXBuildFile; fileRef = B4839B8D29D2043D008DB672 /* ContentView.swift */; };
		B4839B9029D2043E008DB672 /* Assets.xcassets in Resources */ = {isa = PBXBuildFile; fileRef = B4839B8F29D2043E008DB672 /* Assets.xcassets */; };
		B4839B9329D2043E008DB672 /* Preview Assets.xcassets in Resources */ = {isa = PBXBuildFile; fileRef = B4839B9229D2043E008DB672 /* Preview Assets.xcassets */; };
		B4839B9629D2043E008DB672 /* kmmWatch Watch App.app in Embed Watch Content */ = {isa = PBXBuildFile; fileRef = B4839B8929D2043D008DB672 /* kmmWatch Watch App.app */; settings = {ATTRIBUTES = (RemoveHeadersOnCopy, ); }; };
		B4BF140E29D596CE0067F0E9 /* LibraryKit in Frameworks */ = {isa = PBXBuildFile; productRef = B4BF140D29D596CE0067F0E9 /* LibraryKit */; };
/* End PBXBuildFile section */

/* Begin PBXContainerItemProxy section */
		B4839B9429D2043E008DB672 /* PBXContainerItemProxy */ = {
			isa = PBXContainerItemProxy;
			containerPortal = B417AD9C29CC974800345CF7 /* Project object */;
			proxyType = 1;
			remoteGlobalIDString = B4839B8829D2043D008DB672;
			remoteInfo = "kmmWatch Watch App";
		};
/* End PBXContainerItemProxy section */

/* Begin PBXCopyFilesBuildPhase section */
		B4839B9A29D2043E008DB672 /* Embed Watch Content */ = {
			isa = PBXCopyFilesBuildPhase;
			buildActionMask = 2147483647;
			dstPath = "$(CONTENTS_FOLDER_PATH)/Watch";
			dstSubfolderSpec = 16;
			files = (
				B4839B9629D2043E008DB672 /* kmmWatch Watch App.app in Embed Watch Content */,
			);
			name = "Embed Watch Content";
			runOnlyForDeploymentPostprocessing = 0;
		};
/* End PBXCopyFilesBuildPhase section */

/* Begin PBXFileReference section */
		B417ADA429CC974800345CF7 /* KmmPlayground.app */ = {isa = PBXFileReference; explicitFileType = wrapper.application; includeInIndex = 0; path = KmmPlayground.app; sourceTree = BUILT_PRODUCTS_DIR; };
		B417ADA729CC974800345CF7 /* KmmPlaygroundApp.swift */ = {isa = PBXFileReference; lastKnownFileType = sourcecode.swift; path = KmmPlaygroundApp.swift; sourceTree = "<group>"; };
		B417ADA929CC974800345CF7 /* ContentView.swift */ = {isa = PBXFileReference; lastKnownFileType = sourcecode.swift; path = ContentView.swift; sourceTree = "<group>"; };
		B417ADAB29CC974900345CF7 /* Assets.xcassets */ = {isa = PBXFileReference; lastKnownFileType = folder.assetcatalog; path = Assets.xcassets; sourceTree = "<group>"; };
		B417ADAE29CC974900345CF7 /* Preview Assets.xcassets */ = {isa = PBXFileReference; lastKnownFileType = folder.assetcatalog; path = "Preview Assets.xcassets"; sourceTree = "<group>"; };
		B4839B8929D2043D008DB672 /* kmmWatch Watch App.app */ = {isa = PBXFileReference; explicitFileType = wrapper.application; includeInIndex = 0; path = "kmmWatch Watch App.app"; sourceTree = BUILT_PRODUCTS_DIR; };
		B4839B8B29D2043D008DB672 /* kmmWatchApp.swift */ = {isa = PBXFileReference; lastKnownFileType = sourcecode.swift; path = kmmWatchApp.swift; sourceTree = "<group>"; };
		B4839B8D29D2043D008DB672 /* ContentView.swift */ = {isa = PBXFileReference; lastKnownFileType = sourcecode.swift; path = ContentView.swift; sourceTree = "<group>"; };
		B4839B8F29D2043E008DB672 /* Assets.xcassets */ = {isa = PBXFileReference; lastKnownFileType = folder.assetcatalog; path = Assets.xcassets; sourceTree = "<group>"; };
		B4839B9229D2043E008DB672 /* Preview Assets.xcassets */ = {isa = PBXFileReference; lastKnownFileType = folder.assetcatalog; path = "Preview Assets.xcassets"; sourceTree = "<group>"; };
/* End PBXFileReference section */

/* Begin PBXFrameworksBuildPhase section */
		B417ADA129CC974800345CF7 /* Frameworks */ = {
			isa = PBXFrameworksBuildPhase;
			buildActionMask = 2147483647;
			files = (
				B41BA36929CCA49F007A7157 /* LibraryKit in Frameworks */,
			);
			runOnlyForDeploymentPostprocessing = 0;
		};
		B4839B8629D2043D008DB672 /* Frameworks */ = {
			isa = PBXFrameworksBuildPhase;
			buildActionMask = 2147483647;
			files = (
				B4BF140E29D596CE0067F0E9 /* LibraryKit in Frameworks */,
			);
			runOnlyForDeploymentPostprocessing = 0;
		};
/* End PBXFrameworksBuildPhase section */

/* Begin PBXGroup section */
		B417AD9B29CC974800345CF7 = {
			isa = PBXGroup;
			children = (
				B417ADA629CC974800345CF7 /* KmmPlayground */,
				B4839B8A29D2043D008DB672 /* kmmWatch Watch App */,
				B417ADA529CC974800345CF7 /* Products */,
				B4BF140A29D594A30067F0E9 /* Frameworks */,
			);
			sourceTree = "<group>";
		};
		B417ADA529CC974800345CF7 /* Products */ = {
			isa = PBXGroup;
			children = (
				B417ADA429CC974800345CF7 /* KmmPlayground.app */,
				B4839B8929D2043D008DB672 /* kmmWatch Watch App.app */,
			);
			name = Products;
			sourceTree = "<group>";
		};
		B417ADA629CC974800345CF7 /* KmmPlayground */ = {
			isa = PBXGroup;
			children = (
				B417ADA729CC974800345CF7 /* KmmPlaygroundApp.swift */,
				B417ADA929CC974800345CF7 /* ContentView.swift */,
				B417ADAB29CC974900345CF7 /* Assets.xcassets */,
				B417ADAD29CC974900345CF7 /* Preview Content */,
			);
			path = KmmPlayground;
			sourceTree = "<group>";
		};
		B417ADAD29CC974900345CF7 /* Preview Content */ = {
			isa = PBXGroup;
			children = (
				B417ADAE29CC974900345CF7 /* Preview Assets.xcassets */,
			);
			path = "Preview Content";
			sourceTree = "<group>";
		};
		B4839B8A29D2043D008DB672 /* kmmWatch Watch App */ = {
			isa = PBXGroup;
			children = (
				B4839B8B29D2043D008DB672 /* kmmWatchApp.swift */,
				B4839B8D29D2043D008DB672 /* ContentView.swift */,
				B4839B8F29D2043E008DB672 /* Assets.xcassets */,
				B4839B9129D2043E008DB672 /* Preview Content */,
			);
			path = "kmmWatch Watch App";
			sourceTree = "<group>";
		};
		B4839B9129D2043E008DB672 /* Preview Content */ = {
			isa = PBXGroup;
			children = (
				B4839B9229D2043E008DB672 /* Preview Assets.xcassets */,
			);
			path = "Preview Content";
			sourceTree = "<group>";
		};
		B4BF140A29D594A30067F0E9 /* Frameworks */ = {
			isa = PBXGroup;
			children = (
			);
			name = Frameworks;
			sourceTree = "<group>";
		};
/* End PBXGroup section */

/* Begin PBXNativeTarget section */
		B417ADA329CC974800345CF7 /* KmmPlayground */ = {
			isa = PBXNativeTarget;
			buildConfigurationList = B417ADB229CC974900345CF7 /* Build configuration list for PBXNativeTarget "KmmPlayground" */;
			buildPhases = (
				B417ADA029CC974800345CF7 /* Sources */,
				B417ADA129CC974800345CF7 /* Frameworks */,
				B417ADA229CC974800345CF7 /* Resources */,
				B4839B9A29D2043E008DB672 /* Embed Watch Content */,
			);
			buildRules = (
			);
			dependencies = (
				B4839B9529D2043E008DB672 /* PBXTargetDependency */,
			);
			name = KmmPlayground;
			packageProductDependencies = (
				B41BA36829CCA49F007A7157 /* LibraryKit */,
			);
			productName = KmmPlayground;
			productReference = B417ADA429CC974800345CF7 /* KmmPlayground.app */;
			productType = "com.apple.product-type.application";
		};
		B4839B8829D2043D008DB672 /* kmmWatch Watch App */ = {
			isa = PBXNativeTarget;
			buildConfigurationList = B4839B9729D2043E008DB672 /* Build configuration list for PBXNativeTarget "kmmWatch Watch App" */;
			buildPhases = (
				B4839B8529D2043D008DB672 /* Sources */,
				B4839B8629D2043D008DB672 /* Frameworks */,
				B4839B8729D2043D008DB672 /* Resources */,
			);
			buildRules = (
			);
			dependencies = (
			);
			name = "kmmWatch Watch App";
			packageProductDependencies = (
				B4BF140D29D596CE0067F0E9 /* LibraryKit */,
			);
			productName = "kmmWatch Watch App";
			productReference = B4839B8929D2043D008DB672 /* kmmWatch Watch App.app */;
			productType = "com.apple.product-type.application";
		};
/* End PBXNativeTarget section */

/* Begin PBXProject section */
		B417AD9C29CC974800345CF7 /* Project object */ = {
			isa = PBXProject;
			attributes = {
				BuildIndependentTargetsInParallel = 1;
				LastSwiftUpdateCheck = 1420;
				LastUpgradeCheck = 1420;
				TargetAttributes = {
					B417ADA329CC974800345CF7 = {
						CreatedOnToolsVersion = 14.2;
					};
					B4839B8829D2043D008DB672 = {
						CreatedOnToolsVersion = 14.2;
					};
				};
			};
			buildConfigurationList = B417AD9F29CC974800345CF7 /* Build configuration list for PBXProject "KmmPlayground" */;
			compatibilityVersion = "Xcode 14.0";
			developmentRegion = en;
			hasScannedForEncodings = 0;
			knownRegions = (
				en,
				Base,
			);
			mainGroup = B417AD9B29CC974800345CF7;
			packageReferences = (
				B41BA36729CCA49F007A7157 /* XCRemoteSwiftPackageReference "LibraryKit" */,
			);
			productRefGroup = B417ADA529CC974800345CF7 /* Products */;
			projectDirPath = "";
			projectRoot = "";
			targets = (
				B417ADA329CC974800345CF7 /* KmmPlayground */,
				B4839B8829D2043D008DB672 /* kmmWatch Watch App */,
			);
		};
/* End PBXProject section */

/* Begin PBXResourcesBuildPhase section */
		B417ADA229CC974800345CF7 /* Resources */ = {
			isa = PBXResourcesBuildPhase;
			buildActionMask = 2147483647;
			files = (
				B417ADAF29CC974900345CF7 /* Preview Assets.xcassets in Resources */,
				B417ADAC29CC974900345CF7 /* Assets.xcassets in Resources */,
			);
			runOnlyForDeploymentPostprocessing = 0;
		};
		B4839B8729D2043D008DB672 /* Resources */ = {
			isa = PBXResourcesBuildPhase;
			buildActionMask = 2147483647;
			files = (
				B4839B9329D2043E008DB672 /* Preview Assets.xcassets in Resources */,
				B4839B9029D2043E008DB672 /* Assets.xcassets in Resources */,
			);
			runOnlyForDeploymentPostprocessing = 0;
		};
/* End PBXResourcesBuildPhase section */

/* Begin PBXSourcesBuildPhase section */
		B417ADA029CC974800345CF7 /* Sources */ = {
			isa = PBXSourcesBuildPhase;
			buildActionMask = 2147483647;
			files = (
				B417ADAA29CC974800345CF7 /* ContentView.swift in Sources */,
				B417ADA829CC974800345CF7 /* KmmPlaygroundApp.swift in Sources */,
			);
			runOnlyForDeploymentPostprocessing = 0;
		};
		B4839B8529D2043D008DB672 /* Sources */ = {
			isa = PBXSourcesBuildPhase;
			buildActionMask = 2147483647;
			files = (
				B4839B8E29D2043D008DB672 /* ContentView.swift in Sources */,
				B4839B8C29D2043D008DB672 /* kmmWatchApp.swift in Sources */,
			);
			runOnlyForDeploymentPostprocessing = 0;
		};
/* End PBXSourcesBuildPhase section */

/* Begin PBXTargetDependency section */
		B4839B9529D2043E008DB672 /* PBXTargetDependency */ = {
			isa = PBXTargetDependency;
			target = B4839B8829D2043D008DB672 /* kmmWatch Watch App */;
			targetProxy = B4839B9429D2043E008DB672 /* PBXContainerItemProxy */;
		};
/* End PBXTargetDependency section */

/* Begin XCBuildConfiguration section */
		B417ADB029CC974900345CF7 /* Debug */ = {
			isa = XCBuildConfiguration;
			buildSettings = {
				ALWAYS_SEARCH_USER_PATHS = NO;
				CLANG_ANALYZER_NONNULL = YES;
				CLANG_ANALYZER_NUMBER_OBJECT_CONVERSION = YES_AGGRESSIVE;
				CLANG_CXX_LANGUAGE_STANDARD = "gnu++20";
				CLANG_ENABLE_MODULES = YES;
				CLANG_ENABLE_OBJC_ARC = YES;
				CLANG_ENABLE_OBJC_WEAK = YES;
				CLANG_WARN_BLOCK_CAPTURE_AUTORELEASING = YES;
				CLANG_WARN_BOOL_CONVERSION = YES;
				CLANG_WARN_COMMA = YES;
				CLANG_WARN_CONSTANT_CONVERSION = YES;
				CLANG_WARN_DEPRECATED_OBJC_IMPLEMENTATIONS = YES;
				CLANG_WARN_DIRECT_OBJC_ISA_USAGE = YES_ERROR;
				CLANG_WARN_DOCUMENTATION_COMMENTS = YES;
				CLANG_WARN_EMPTY_BODY = YES;
				CLANG_WARN_ENUM_CONVERSION = YES;
				CLANG_WARN_INFINITE_RECURSION = YES;
				CLANG_WARN_INT_CONVERSION = YES;
				CLANG_WARN_NON_LITERAL_NULL_CONVERSION = YES;
				CLANG_WARN_OBJC_IMPLICIT_RETAIN_SELF = YES;
				CLANG_WARN_OBJC_LITERAL_CONVERSION = YES;
				CLANG_WARN_OBJC_ROOT_CLASS = YES_ERROR;
				CLANG_WARN_QUOTED_INCLUDE_IN_FRAMEWORK_HEADER = YES;
				CLANG_WARN_RANGE_LOOP_ANALYSIS = YES;
				CLANG_WARN_STRICT_PROTOTYPES = YES;
				CLANG_WARN_SUSPICIOUS_MOVE = YES;
				CLANG_WARN_UNGUARDED_AVAILABILITY = YES_AGGRESSIVE;
				CLANG_WARN_UNREACHABLE_CODE = YES;
				CLANG_WARN__DUPLICATE_METHOD_MATCH = YES;
				COPY_PHASE_STRIP = NO;
				DEBUG_INFORMATION_FORMAT = dwarf;
				ENABLE_STRICT_OBJC_MSGSEND = YES;
				ENABLE_TESTABILITY = YES;
				GCC_C_LANGUAGE_STANDARD = gnu11;
				GCC_DYNAMIC_NO_PIC = NO;
				GCC_NO_COMMON_BLOCKS = YES;
				GCC_OPTIMIZATION_LEVEL = 0;
				GCC_PREPROCESSOR_DEFINITIONS = (
					"DEBUG=1",
					"$(inherited)",
				);
				GCC_WARN_64_TO_32_BIT_CONVERSION = YES;
				GCC_WARN_ABOUT_RETURN_TYPE = YES_ERROR;
				GCC_WARN_UNDECLARED_SELECTOR = YES;
				GCC_WARN_UNINITIALIZED_AUTOS = YES_AGGRESSIVE;
				GCC_WARN_UNUSED_FUNCTION = YES;
				GCC_WARN_UNUSED_VARIABLE = YES;
				IPHONEOS_DEPLOYMENT_TARGET = 16.2;
				MTL_ENABLE_DEBUG_INFO = INCLUDE_SOURCE;
				MTL_FAST_MATH = YES;
				ONLY_ACTIVE_ARCH = YES;
				SDKROOT = iphoneos;
				SWIFT_ACTIVE_COMPILATION_CONDITIONS = DEBUG;
				SWIFT_OPTIMIZATION_LEVEL = "-Onone";
			};
			name = Debug;
		};
		B417ADB129CC974900345CF7 /* Release */ = {
			isa = XCBuildConfiguration;
			buildSettings = {
				ALWAYS_SEARCH_USER_PATHS = NO;
				CLANG_ANALYZER_NONNULL = YES;
				CLANG_ANALYZER_NUMBER_OBJECT_CONVERSION = YES_AGGRESSIVE;
				CLANG_CXX_LANGUAGE_STANDARD = "gnu++20";
				CLANG_ENABLE_MODULES = YES;
				CLANG_ENABLE_OBJC_ARC = YES;
				CLANG_ENABLE_OBJC_WEAK = YES;
				CLANG_WARN_BLOCK_CAPTURE_AUTORELEASING = YES;
				CLANG_WARN_BOOL_CONVERSION = YES;
				CLANG_WARN_COMMA = YES;
				CLANG_WARN_CONSTANT_CONVERSION = YES;
				CLANG_WARN_DEPRECATED_OBJC_IMPLEMENTATIONS = YES;
				CLANG_WARN_DIRECT_OBJC_ISA_USAGE = YES_ERROR;
				CLANG_WARN_DOCUMENTATION_COMMENTS = YES;
				CLANG_WARN_EMPTY_BODY = YES;
				CLANG_WARN_ENUM_CONVERSION = YES;
				CLANG_WARN_INFINITE_RECURSION = YES;
				CLANG_WARN_INT_CONVERSION = YES;
				CLANG_WARN_NON_LITERAL_NULL_CONVERSION = YES;
				CLANG_WARN_OBJC_IMPLICIT_RETAIN_SELF = YES;
				CLANG_WARN_OBJC_LITERAL_CONVERSION = YES;
				CLANG_WARN_OBJC_ROOT_CLASS = YES_ERROR;
				CLANG_WARN_QUOTED_INCLUDE_IN_FRAMEWORK_HEADER = YES;
				CLANG_WARN_RANGE_LOOP_ANALYSIS = YES;
				CLANG_WARN_STRICT_PROTOTYPES = YES;
				CLANG_WARN_SUSPICIOUS_MOVE = YES;
				CLANG_WARN_UNGUARDED_AVAILABILITY = YES_AGGRESSIVE;
				CLANG_WARN_UNREACHABLE_CODE = YES;
				CLANG_WARN__DUPLICATE_METHOD_MATCH = YES;
				COPY_PHASE_STRIP = NO;
				DEBUG_INFORMATION_FORMAT = "dwarf-with-dsym";
				ENABLE_NS_ASSERTIONS = NO;
				ENABLE_STRICT_OBJC_MSGSEND = YES;
				GCC_C_LANGUAGE_STANDARD = gnu11;
				GCC_NO_COMMON_BLOCKS = YES;
				GCC_WARN_64_TO_32_BIT_CONVERSION = YES;
				GCC_WARN_ABOUT_RETURN_TYPE = YES_ERROR;
				GCC_WARN_UNDECLARED_SELECTOR = YES;
				GCC_WARN_UNINITIALIZED_AUTOS = YES_AGGRESSIVE;
				GCC_WARN_UNUSED_FUNCTION = YES;
				GCC_WARN_UNUSED_VARIABLE = YES;
				IPHONEOS_DEPLOYMENT_TARGET = 16.2;
				MTL_ENABLE_DEBUG_INFO = NO;
				MTL_FAST_MATH = YES;
				SDKROOT = iphoneos;
				SWIFT_COMPILATION_MODE = wholemodule;
				SWIFT_OPTIMIZATION_LEVEL = "-O";
				VALIDATE_PRODUCT = YES;
			};
			name = Release;
		};
		B417ADB329CC974900345CF7 /* Debug */ = {
			isa = XCBuildConfiguration;
			buildSettings = {
				ALWAYS_EMBED_SWIFT_STANDARD_LIBRARIES = YES;
				ASSETCATALOG_COMPILER_APPICON_NAME = AppIcon;
				ASSETCATALOG_COMPILER_GLOBAL_ACCENT_COLOR_NAME = AccentColor;
				CODE_SIGN_STYLE = Automatic;
				CURRENT_PROJECT_VERSION = 1;
				DEVELOPMENT_ASSET_PATHS = "\"KmmPlayground/Preview Content\"";
				DEVELOPMENT_TEAM = MP66GFS99F;
				ENABLE_PREVIEWS = YES;
				GENERATE_INFOPLIST_FILE = YES;
				INFOPLIST_KEY_UIApplicationSceneManifest_Generation = YES;
				INFOPLIST_KEY_UIApplicationSupportsIndirectInputEvents = YES;
				INFOPLIST_KEY_UILaunchScreen_Generation = YES;
				INFOPLIST_KEY_UISupportedInterfaceOrientations_iPad = "UIInterfaceOrientationPortrait UIInterfaceOrientationPortraitUpsideDown UIInterfaceOrientationLandscapeLeft UIInterfaceOrientationLandscapeRight";
				INFOPLIST_KEY_UISupportedInterfaceOrientations_iPhone = "UIInterfaceOrientationPortrait UIInterfaceOrientationLandscapeLeft UIInterfaceOrientationLandscapeRight";
				LD_RUNPATH_SEARCH_PATHS = (
					"$(inherited)",
					"@executable_path/Frameworks",
				);
				MARKETING_VERSION = 1.0;
				PRODUCT_BUNDLE_IDENTIFIER = com.avancee.KmmPlayground;
				PRODUCT_NAME = "$(TARGET_NAME)";
				SWIFT_EMIT_LOC_STRINGS = YES;
				SWIFT_VERSION = 5.0;
				TARGETED_DEVICE_FAMILY = "1,2";
			};
			name = Debug;
		};
		B417ADB429CC974900345CF7 /* Release */ = {
			isa = XCBuildConfiguration;
			buildSettings = {
				ALWAYS_EMBED_SWIFT_STANDARD_LIBRARIES = YES;
				ASSETCATALOG_COMPILER_APPICON_NAME = AppIcon;
				ASSETCATALOG_COMPILER_GLOBAL_ACCENT_COLOR_NAME = AccentColor;
				CODE_SIGN_STYLE = Automatic;
				CURRENT_PROJECT_VERSION = 1;
				DEVELOPMENT_ASSET_PATHS = "\"KmmPlayground/Preview Content\"";
				DEVELOPMENT_TEAM = MP66GFS99F;
				ENABLE_PREVIEWS = YES;
				GENERATE_INFOPLIST_FILE = YES;
				INFOPLIST_KEY_UIApplicationSceneManifest_Generation = YES;
				INFOPLIST_KEY_UIApplicationSupportsIndirectInputEvents = YES;
				INFOPLIST_KEY_UILaunchScreen_Generation = YES;
				INFOPLIST_KEY_UISupportedInterfaceOrientations_iPad = "UIInterfaceOrientationPortrait UIInterfaceOrientationPortraitUpsideDown UIInterfaceOrientationLandscapeLeft UIInterfaceOrientationLandscapeRight";
				INFOPLIST_KEY_UISupportedInterfaceOrientations_iPhone = "UIInterfaceOrientationPortrait UIInterfaceOrientationLandscapeLeft UIInterfaceOrientationLandscapeRight";
				LD_RUNPATH_SEARCH_PATHS = (
					"$(inherited)",
					"@executable_path/Frameworks",
				);
				MARKETING_VERSION = 1.0;
				PRODUCT_BUNDLE_IDENTIFIER = com.avancee.KmmPlayground;
				PRODUCT_NAME = "$(TARGET_NAME)";
				SWIFT_EMIT_LOC_STRINGS = YES;
				SWIFT_VERSION = 5.0;
				TARGETED_DEVICE_FAMILY = "1,2";
			};
			name = Release;
		};
		B4839B9829D2043E008DB672 /* Debug */ = {
			isa = XCBuildConfiguration;
			buildSettings = {
				ARCHS = "$(ARCHS_STANDARD)";
				"ARCHS[sdk=iphoneos*]" = arm64_32;
				"ARCHS[sdk=iphonesimulator*]" = arm64;
				"ARCHS[sdk=watchos*]" = arm64_32;
				"ARCHS[sdk=watchsimulator*]" = arm64;
				ASSETCATALOG_COMPILER_APPICON_NAME = AppIcon;
				ASSETCATALOG_COMPILER_GLOBAL_ACCENT_COLOR_NAME = AccentColor;
				CODE_SIGN_STYLE = Automatic;
				CURRENT_PROJECT_VERSION = 1;
				DEVELOPMENT_ASSET_PATHS = "\"kmmWatch Watch App/Preview Content\"";
				DEVELOPMENT_TEAM = MP66GFS99F;
				ENABLE_PREVIEWS = YES;
				GENERATE_INFOPLIST_FILE = YES;
				INFOPLIST_KEY_CFBundleDisplayName = kmmWatch;
				INFOPLIST_KEY_UISupportedInterfaceOrientations = "UIInterfaceOrientationPortrait UIInterfaceOrientationPortraitUpsideDown";
				INFOPLIST_KEY_WKCompanionAppBundleIdentifier = com.avancee.KmmPlayground;
				LD_RUNPATH_SEARCH_PATHS = (
					"$(inherited)",
					"@executable_path/Frameworks",
				);
				MARKETING_VERSION = 1.0;
				PRODUCT_BUNDLE_IDENTIFIER = com.avancee.KmmPlayground.watchkitapp;
				PRODUCT_NAME = "$(TARGET_NAME)";
				SDKROOT = watchos;
				SKIP_INSTALL = YES;
				SWIFT_EMIT_LOC_STRINGS = YES;
				SWIFT_VERSION = 5.0;
				TARGETED_DEVICE_FAMILY = 4;
				WATCHOS_DEPLOYMENT_TARGET = 9.1;
			};
			name = Debug;
		};
		B4839B9929D2043E008DB672 /* Release */ = {
			isa = XCBuildConfiguration;
			buildSettings = {
				ARCHS = (
					armv7k,
					arm64_32,
				);
				ASSETCATALOG_COMPILER_APPICON_NAME = AppIcon;
				ASSETCATALOG_COMPILER_GLOBAL_ACCENT_COLOR_NAME = AccentColor;
				CODE_SIGN_STYLE = Automatic;
				CURRENT_PROJECT_VERSION = 1;
				DEVELOPMENT_ASSET_PATHS = "\"kmmWatch Watch App/Preview Content\"";
				DEVELOPMENT_TEAM = MP66GFS99F;
				ENABLE_PREVIEWS = YES;
				GENERATE_INFOPLIST_FILE = YES;
				INFOPLIST_KEY_CFBundleDisplayName = kmmWatch;
				INFOPLIST_KEY_UISupportedInterfaceOrientations = "UIInterfaceOrientationPortrait UIInterfaceOrientationPortraitUpsideDown";
				INFOPLIST_KEY_WKCompanionAppBundleIdentifier = com.avancee.KmmPlayground;
				LD_RUNPATH_SEARCH_PATHS = (
					"$(inherited)",
					"@executable_path/Frameworks",
				);
				MARKETING_VERSION = 1.0;
				PRODUCT_BUNDLE_IDENTIFIER = com.avancee.KmmPlayground.watchkitapp;
				PRODUCT_NAME = "$(TARGET_NAME)";
				SDKROOT = watchos;
				SKIP_INSTALL = YES;
				SWIFT_EMIT_LOC_STRINGS = YES;
				SWIFT_VERSION = 5.0;
				TARGETED_DEVICE_FAMILY = 4;
				WATCHOS_DEPLOYMENT_TARGET = 9.1;
			};
			name = Release;
		};
/* End XCBuildConfiguration section */

/* Begin XCConfigurationList section */
		B417AD9F29CC974800345CF7 /* Build configuration list for PBXProject "KmmPlayground" */ = {
			isa = XCConfigurationList;
			buildConfigurations = (
				B417ADB029CC974900345CF7 /* Debug */,
				B417ADB129CC974900345CF7 /* Release */,
			);
			defaultConfigurationIsVisible = 0;
			defaultConfigurationName = Release;
		};
		B417ADB229CC974900345CF7 /* Build configuration list for PBXNativeTarget "KmmPlayground" */ = {
			isa = XCConfigurationList;
			buildConfigurations = (
				B417ADB329CC974900345CF7 /* Debug */,
				B417ADB429CC974900345CF7 /* Release */,
			);
			defaultConfigurationIsVisible = 0;
			defaultConfigurationName = Release;
		};
		B4839B9729D2043E008DB672 /* Build configuration list for PBXNativeTarget "kmmWatch Watch App" */ = {
			isa = XCConfigurationList;
			buildConfigurations = (
				B4839B9829D2043E008DB672 /* Debug */,
				B4839B9929D2043E008DB672 /* Release */,
			);
			defaultConfigurationIsVisible = 0;
			defaultConfigurationName = Release;
		};
/* End XCConfigurationList section */

/* Begin XCRemoteSwiftPackageReference section */
		B41BA36729CCA49F007A7157 /* XCRemoteSwiftPackageReference "LibraryKit" */ = {
			isa = XCRemoteSwiftPackageReference;
			repositoryURL = "https://github.com/jfredsilva/LibraryKit.git";
			requirement = {
				branch = main;
				kind = branch;
			};
		};
/* End XCRemoteSwiftPackageReference section */

/* Begin XCSwiftPackageProductDependency section */
		B41BA36829CCA49F007A7157 /* LibraryKit */ = {
			isa = XCSwiftPackageProductDependency;
			package = B41BA36729CCA49F007A7157 /* XCRemoteSwiftPackageReference "LibraryKit" */;
			productName = LibraryKit;
		};
		B4BF140D29D596CE0067F0E9 /* LibraryKit */ = {
			isa = XCSwiftPackageProductDependency;
			package = B41BA36729CCA49F007A7157 /* XCRemoteSwiftPackageReference "LibraryKit" */;
			productName = LibraryKit;
		};
/* End XCSwiftPackageProductDependency section */
	};
	rootObject = B417AD9C29CC974800345CF7 /* Project object */;
}
